{
  "requires": true,
  "lockfileVersion": 1,
  "dependencies": {
    "@fullcalendar/core": {
      "version": "4.3.1",
      "resolved": "https://registry.npmjs.org/@fullcalendar/core/-/core-4.3.1.tgz",
      "integrity": "sha512-Eh+p/wpMkWGu26f8NpfQK9ecQMoZxX/aopv+0+4/CH+Ip0paP6iEc40JYgTz7RFl0bFqV1dvwyGyUZ4+9ZeySA=="
    },
    "@fullcalendar/daygrid": {
      "version": "4.3.0",
      "resolved": "https://registry.npmjs.org/@fullcalendar/daygrid/-/daygrid-4.3.0.tgz",
      "integrity": "sha512-OrGaRIGbELESOXOCXtoQVY4cOxnxmN7OrjDGbMoVITdoXWuIZ6sFNO84WcBQoRaIbkmqVM0SAU2MENwy+eEwqQ=="
    },
    "@fullcalendar/resource-common": {
      "version": "4.3.1",
      "resolved": "https://registry.npmjs.org/@fullcalendar/resource-common/-/resource-common-4.3.1.tgz",
      "integrity": "sha512-c0u9jE1vUsXZJZZptdJ+OmGjBmkJYXr3OKbwqpc7ip49jiz5VSNZEdGR5fJ910GgbMrDTpYYMzbyifZE4XEzMw=="
    },
    "@fullcalendar/resource-daygrid": {
      "version": "4.3.0",
      "resolved": "https://registry.npmjs.org/@fullcalendar/resource-daygrid/-/resource-daygrid-4.3.0.tgz",
      "integrity": "sha512-MF1WS0vjNHsCuyIT4VYLU3U0Ty5jIXoB2rafoJH7POVfMIeiJ0tSHHyfJQrcdJjFxPZ8UidpdP9khUz5oT/zPA==",
      "requires": {
        "@fullcalendar/daygrid": "~4.3.0",
        "@fullcalendar/resource-common": "~4.3.0"
      }
    },
    "@fullcalendar/resource-timegrid": {
      "version": "4.3.0",
      "resolved": "https://registry.npmjs.org/@fullcalendar/resource-timegrid/-/resource-timegrid-4.3.0.tgz",
      "integrity": "sha512-mwzItAuDk0sVSQ2epCkJXFu3wiYxPHHN2NDB7DUnluEtN/jVThKTT7pW94K07lqj8Nq5ZRvnTdl7QskNPTcfIw==",
      "requires": {
        "@fullcalendar/resource-common": "~4.3.0",
        "@fullcalendar/resource-daygrid": "~4.3.0",
        "@fullcalendar/timegrid": "~4.3.0"
      }
    },
    "@fullcalendar/timegrid": {
      "version": "4.3.0",
      "resolved": "https://registry.npmjs.org/@fullcalendar/timegrid/-/timegrid-4.3.0.tgz",
      "integrity": "sha512-9JCSZbzw2Hi+X893l5X9ViZaWjxh+sDy59o6nKx0gYKwSfs/vKpmk73GBQfKyUv8orkjpnTdPFfeLDZqlzBP4Q==",
      "requires": {
        "@fullcalendar/daygrid": "~4.3.0"
      }
    }
  }
}
